{
  "name": "slopclub",
  "lockfileVersion": 3,
  "requires": true,
  "packages": {
    "": {
      "name": "slopclub",
      "dependencies": {
        "mvdan-sh": "0.10.1"
      }
    },
    "node_modules/mvdan-sh": {
      "version": "0.10.1",
      "resolved": "https://registry.npmjs.org/mvdan-sh/-/mvdan-sh-0.10.1.tgz",
      "integrity": "sha512-kMbrH0EObaKmK3nVRKUIIya1dpASHIEusM13S4V1ViHFuxuNxCo+arxoa6j/dbV22YBGjl7UKJm9QQKJ2Crzhg==",
      "deprecated": "See https://github.com/mvdan/sh/issues/1145",
      "license": "BSD-3-Clause"
    }
  }
}
